// !$*UTF8*$!
{
	archiveVersion = 1;
	classes = {
	};
	objectVersion = 56;
	objects = {

/* Begin PBXBuildFile section */
		AEBEDCEF2A5D5C680094C68F /* AppDelegate.swift in Sources */ = {isa = PBXBuildFile; fileRef = AEBEDCEE2A5D5C680094C68F /* AppDelegate.swift */; };
		AEBEDCF12A5D5C680094C68F /* SceneDelegate.swift in Sources */ = {isa = PBXBuildFile; fileRef = AEBEDCF02A5D5C680094C68F /* SceneDelegate.swift */; };
		AEBEDCF32A5D5C680094C68F /* ViewController.swift in Sources */ = {isa = PBXBuildFile; fileRef = AEBEDCF22A5D5C680094C68F /* ViewController.swift */; };
		AEBEDCF62A5D5C680094C68F /* Main.storyboard in Resources */ = {isa = PBXBuildFile; fileRef = AEBEDCF42A5D5C680094C68F /* Main.storyboard */; };
		AEBEDCF82A5D5C690094C68F /* Assets.xcassets in Resources */ = {isa = PBXBuildFile; fileRef = AEBEDCF72A5D5C690094C68F /* Assets.xcassets */; };
		AEBEDCFB2A5D5C690094C68F /* LaunchScreen.storyboard in Resources */ = {isa = PBXBuildFile; fileRef = AEBEDCF92A5D5C690094C68F /* LaunchScreen.storyboard */; };
		AEBEDD032A5D5CA70094C68F /* Function1.storyboard in Resources */ = {isa = PBXBuildFile; fileRef = AEBEDD022A5D5CA70094C68F /* Function1.storyboard */; };
		AEBEDD052A5D5CE80094C68F /* Function2.storyboard in Resources */ = {isa = PBXBuildFile; fileRef = AEBEDD042A5D5CE80094C68F /* Function2.storyboard */; };
/* End PBXBuildFile section */

/* Begin PBXFileReference section */
		AEBEDCEB2A5D5C680094C68F /* HelloMultiStoryboard.app */ = {isa = PBXFileReference; explicitFileType = wrapper.application; includeInIndex = 0; path = HelloMultiStoryboard.app; sourceTree = BUILT_PRODUCTS_DIR; };
		AEBEDCEE2A5D5C680094C68F /* AppDelegate.swift */ = {isa = PBXFileReference; lastKnownFileType = sourcecode.swift; path = AppDelegate.swift; sourceTree = "<group>"; };
		AEBEDCF02A5D5C680094C68F /* SceneDelegate.swift */ = {isa = PBXFileReference; lastKnownFileType = sourcecode.swift; path = SceneDelegate.swift; sourceTree = "<group>"; };
		AEBEDCF22A5D5C680094C68F /* ViewController.swift */ = {isa = PBXFileReference; lastKnownFileType = sourcecode.swift; path = ViewController.swift; sourceTree = "<group>"; };
		AEBEDCF52A5D5C680094C68F /* Base */ = {isa = PBXFileReference; lastKnownFileType = file.storyboard; name = Base; path = Base.lproj/Main.storyboard; sourceTree = "<group>"; };
		AEBEDCF72A5D5C690094C68F /* Assets.xcassets */ = {isa = PBXFileReference; lastKnownFileType = folder.assetcatalog; path = Assets.xcassets; sourceTree = "<group>"; };
		AEBEDCFA2A5D5C690094C68F /* Base */ = {isa = PBXFileReference; lastKnownFileType = file.storyboard; name = Base; path = Base.lproj/LaunchScreen.storyboard; sourceTree = "<group>"; };
		AEBEDCFC2A5D5C690094C68F /* Info.plist */ = {isa = PBXFileReference; lastKnownFileType = text.plist.xml; path = Info.plist; sourceTree = "<group>"; };
		AEBEDD022A5D5CA70094C68F /* Function1.storyboard */ = {isa = PBXFileReference; lastKnownFileType = file.storyboard; path = Function1.storyboard; sourceTree = "<group>"; };
		AEBEDD042A5D5CE80094C68F /* Function2.storyboard */ = {isa = PBXFileReference; lastKnownFileType = file.storyboard; path = Function2.storyboard; sourceTree = "<group>"; };
/* End PBXFileReference section */

/* Begin PBXFrameworksBuildPhase section */
		AEBEDCE82A5D5C680094C68F /* Frameworks */ = {
			isa = PBXFrameworksBuildPhase;
			buildActionMask = 2147483647;
			files = (
			);
			runOnlyForDeploymentPostprocessing = 0;
		};
/* End PBXFrameworksBuildPhase section */

/* Begin PBXGroup section */
		AEBEDCE22A5D5C680094C68F = {
			isa = PBXGroup;
			children = (
				AEBEDCED2A5D5C680094C68F /* HelloMultiStoryboard */,
				AEBEDCEC2A5D5C680094C68F /* Products */,
			);
			sourceTree = "<group>";
		};
		AEBEDCEC2A5D5C680094C68F /* Products */ = {
			isa = PBXGroup;
			children = (
				AEBEDCEB2A5D5C680094C68F /* HelloMultiStoryboard.app */,
			);
			name = Products;
			sourceTree = "<group>";
		};
		AEBEDCED2A5D5C680094C68F /* HelloMultiStoryboard */ = {
			isa = PBXGroup;
			children = (
				AEBEDCEE2A5D5C680094C68F /* AppDelegate.swift */,
				AEBEDCF02A5D5C680094C68F /* SceneDelegate.swift */,
				AEBEDCF22A5D5C680094C68F /* ViewController.swift */,
				AEBEDCF42A5D5C680094C68F /* Main.storyboard */,
				AEBEDD022A5D5CA70094C68F /* Function1.storyboard */,
				AEBEDD042A5D5CE80094C68F /* Function2.storyboard */,
				AEBEDCF72A5D5C690094C68F /* Assets.xcassets */,
				AEBEDCF92A5D5C690094C68F /* LaunchScreen.storyboard */,
				AEBEDCFC2A5D5C690094C68F /* Info.plist */,
			);
			path = HelloMultiStoryboard;
			sourceTree = "<group>";
		};
/* End PBXGroup section */

/* Begin PBXNativeTarget section */
		AEBEDCEA2A5D5C680094C68F /* HelloMultiStoryboard */ = {
			isa = PBXNativeTarget;
			buildConfigurationList = AEBEDCFF2A5D5C690094C68F /* Build configuration list for PBXNativeTarget "HelloMultiStoryboard" */;
			buildPhases = (
				AEBEDCE72A5D5C680094C68F /* Sources */,
				AEBEDCE82A5D5C680094C68F /* Frameworks */,
				AEBEDCE92A5D5C680094C68F /* Resources */,
			);
			buildRules = (
			);
			dependencies = (
			);
			name = HelloMultiStoryboard;
			productName = HelloMultiStoryboard;
			productReference = AEBEDCEB2A5D5C680094C68F /* HelloMultiStoryboard.app */;
			productType = "com.apple.product-type.application";
		};
/* End PBXNativeTarget section */

/* Begin PBXProject section */
		AEBEDCE32A5D5C680094C68F /* Project object */ = {
			isa = PBXProject;
			attributes = {
				BuildIndependentTargetsInParallel = 1;
				LastSwiftUpdateCheck = 1420;
				LastUpgradeCheck = 1420;
				TargetAttributes = {
					AEBEDCEA2A5D5C680094C68F = {
						CreatedOnToolsVersion = 14.2;
					};
				};
			};
			buildConfigurationList = AEBEDCE62A5D5C680094C68F /* Build configuration list for PBXProject "HelloMultiStoryboard" */;
			compatibilityVersion = "Xcode 14.0";
			developmentRegion = en;
			hasScannedForEncodings = 0;
			knownRegions = (
				en,
				Base,
			);
			mainGroup = AEBEDCE22A5D5C680094C68F;
			productRefGroup = AEBEDCEC2A5D5C680094C68F /* Products */;
			projectDirPath = "";
			projectRoot = "";
			targets = (
				AEBEDCEA2A5D5C680094C68F /* HelloMultiStoryboard */,
			);
		};
/* End PBXProject section */

/* Begin PBXResourcesBuildPhase section */
		AEBEDCE92A5D5C680094C68F /* Resources */ = {
			isa = PBXResourcesBuildPhase;
			buildActionMask = 2147483647;
			files = (
				AEBEDD052A5D5CE80094C68F /* Function2.storyboard in Resources */,
				AEBEDCFB2A5D5C690094C68F /* LaunchScreen.storyboard in Resources */,
				AEBEDCF82A5D5C690094C68F /* Assets.xcassets in Resources */,
				AEBEDD032A5D5CA70094C68F /* Function1.storyboard in Resources */,
				AEBEDCF62A5D5C680094C68F /* Main.storyboard in Resources */,
			);
			runOnlyForDeploymentPostprocessing = 0;
		};
/* End PBXResourcesBuildPhase section */

/* Begin PBXSourcesBuildPhase section */
		AEBEDCE72A5D5C680094C68F /* Sources */ = {
			isa = PBXSourcesBuildPhase;
			buildActionMask = 2147483647;
			files = (
				AEBEDCF32A5D5C680094C68F /* ViewController.swift in Sources */,
				AEBEDCEF2A5D5C680094C68F /* AppDelegate.swift in Sources */,
				AEBEDCF12A5D5C680094C68F /* SceneDelegate.swift in Sources */,
			);
			runOnlyForDeploymentPostprocessing = 0;
		};
/* End PBXSourcesBuildPhase section */

/* Begin PBXVariantGroup section */
		AEBEDCF42A5D5C680094C68F /* Main.storyboard */ = {
			isa = PBXVariantGroup;
			children = (
				AEBEDCF52A5D5C680094C68F /* Base */,
			);
			name = Main.storyboard;
			sourceTree = "<group>";
		};
		AEBEDCF92A5D5C690094C68F /* LaunchScreen.storyboard */ = {
			isa = PBXVariantGroup;
			children = (
				AEBEDCFA2A5D5C690094C68F /* Base */,
			);
			name = LaunchScreen.storyboard;
			sourceTree = "<group>";
		};
/* End PBXVariantGroup section */

/* Begin XCBuildConfiguration section */
		AEBEDCFD2A5D5C690094C68F /* Debug */ = {
			isa = XCBuildConfiguration;
			buildSettings = {
				ALWAYS_SEARCH_USER_PATHS = NO;
				CLANG_ANALYZER_NONNULL = YES;
				CLANG_ANALYZER_NUMBER_OBJECT_CONVERSION = YES_AGGRESSIVE;
				CLANG_CXX_LANGUAGE_STANDARD = "gnu++20";
				CLANG_ENABLE_MODULES = YES;
				CLANG_ENABLE_OBJC_ARC = YES;
				CLANG_ENABLE_OBJC_WEAK = YES;
				CLANG_WARN_BLOCK_CAPTURE_AUTORELEASING = YES;
				CLANG_WARN_BOOL_CONVERSION = YES;
				CLANG_WARN_COMMA = YES;
				CLANG_WARN_CONSTANT_CONVERSION = YES;
				CLANG_WARN_DEPRECATED_OBJC_IMPLEMENTATIONS = YES;
				CLANG_WARN_DIRECT_OBJC_ISA_USAGE = YES_ERROR;
				CLANG_WARN_DOCUMENTATION_COMMENTS = YES;
				CLANG_WARN_EMPTY_BODY = YES;
				CLANG_WARN_ENUM_CONVERSION = YES;
				CLANG_WARN_INFINITE_RECURSION = YES;
				CLANG_WARN_INT_CONVERSION = YES;
				CLANG_WARN_NON_LITERAL_NULL_CONVERSION = YES;
				CLANG_WARN_OBJC_IMPLICIT_RETAIN_SELF = YES;
				CLANG_WARN_OBJC_LITERAL_CONVERSION = YES;
				CLANG_WARN_OBJC_ROOT_CLASS = YES_ERROR;
				CLANG_WARN_QUOTED_INCLUDE_IN_FRAMEWORK_HEADER = YES;
				CLANG_WARN_RANGE_LOOP_ANALYSIS = YES;
				CLANG_WARN_STRICT_PROTOTYPES = YES;
				CLANG_WARN_SUSPICIOUS_MOVE = YES;
				CLANG_WARN_UNGUARDED_AVAILABILITY = YES_AGGRESSIVE;
				CLANG_WARN_UNREACHABLE_CODE = YES;
				CLANG_WARN__DUPLICATE_METHOD_MATCH = YES;
				COPY_PHASE_STRIP = NO;
				DEBUG_INFORMATION_FORMAT = dwarf;
				ENABLE_STRICT_OBJC_MSGSEND = YES;
				ENABLE_TESTABILITY = YES;
				GCC_C_LANGUAGE_STANDARD = gnu11;
				GCC_DYNAMIC_NO_PIC = NO;
				GCC_NO_COMMON_BLOCKS = YES;
				GCC_OPTIMIZATION_LEVEL = 0;
				GCC_PREPROCESSOR_DEFINITIONS = (
					"DEBUG=1",
					"$(inherited)",
				);
				GCC_WARN_64_TO_32_BIT_CONVERSION = YES;
				GCC_WARN_ABOUT_RETURN_TYPE = YES_ERROR;
				GCC_WARN_UNDECLARED_SELECTOR = YES;
				GCC_WARN_UNINITIALIZED_AUTOS = YES_AGGRESSIVE;
				GCC_WARN_UNUSED_FUNCTION = YES;
				GCC_WARN_UNUSED_VARIABLE = YES;
				IPHONEOS_DEPLOYMENT_TARGET = 16.2;
				MTL_ENABLE_DEBUG_INFO = INCLUDE_SOURCE;
				MTL_FAST_MATH = YES;
				ONLY_ACTIVE_ARCH = YES;
				SDKROOT = iphoneos;
				SWIFT_ACTIVE_COMPILATION_CONDITIONS = DEBUG;
				SWIFT_OPTIMIZATION_LEVEL = "-Onone";
			};
			name = Debug;
		};
		AEBEDCFE2A5D5C690094C68F /* Release */ = {
			isa = XCBuildConfiguration;
			buildSettings = {
				ALWAYS_SEARCH_USER_PATHS = NO;
				CLANG_ANALYZER_NONNULL = YES;
				CLANG_ANALYZER_NUMBER_OBJECT_CONVERSION = YES_AGGRESSIVE;
				CLANG_CXX_LANGUAGE_STANDARD = "gnu++20";
				CLANG_ENABLE_MODULES = YES;
				CLANG_ENABLE_OBJC_ARC = YES;
				CLANG_ENABLE_OBJC_WEAK = YES;
				CLANG_WARN_BLOCK_CAPTURE_AUTORELEASING = YES;
				CLANG_WARN_BOOL_CONVERSION = YES;
				CLANG_WARN_COMMA = YES;
				CLANG_WARN_CONSTANT_CONVERSION = YES;
				CLANG_WARN_DEPRECATED_OBJC_IMPLEMENTATIONS = YES;
				CLANG_WARN_DIRECT_OBJC_ISA_USAGE = YES_ERROR;
				CLANG_WARN_DOCUMENTATION_COMMENTS = YES;
				CLANG_WARN_EMPTY_BODY = YES;
				CLANG_WARN_ENUM_CONVERSION = YES;
				CLANG_WARN_INFINITE_RECURSION = YES;
				CLANG_WARN_INT_CONVERSION = YES;
				CLANG_WARN_NON_LITERAL_NULL_CONVERSION = YES;
				CLANG_WARN_OBJC_IMPLICIT_RETAIN_SELF = YES;
				CLANG_WARN_OBJC_LITERAL_CONVERSION = YES;
				CLANG_WARN_OBJC_ROOT_CLASS = YES_ERROR;
				CLANG_WARN_QUOTED_INCLUDE_IN_FRAMEWORK_HEADER = YES;
				CLANG_WARN_RANGE_LOOP_ANALYSIS = YES;
				CLANG_WARN_STRICT_PROTOTYPES = YES;
				CLANG_WARN_SUSPICIOUS_MOVE = YES;
				CLANG_WARN_UNGUARDED_AVAILABILITY = YES_AGGRESSIVE;
				CLANG_WARN_UNREACHABLE_CODE = YES;
				CLANG_WARN__DUPLICATE_METHOD_MATCH = YES;
				COPY_PHASE_STRIP = NO;
				DEBUG_INFORMATION_FORMAT = "dwarf-with-dsym";
				ENABLE_NS_ASSERTIONS = NO;
				ENABLE_STRICT_OBJC_MSGSEND = YES;
				GCC_C_LANGUAGE_STANDARD = gnu11;
				GCC_NO_COMMON_BLOCKS = YES;
				GCC_WARN_64_TO_32_BIT_CONVERSION = YES;
				GCC_WARN_ABOUT_RETURN_TYPE = YES_ERROR;
				GCC_WARN_UNDECLARED_SELECTOR = YES;
				GCC_WARN_UNINITIALIZED_AUTOS = YES_AGGRESSIVE;
				GCC_WARN_UNUSED_FUNCTION = YES;
				GCC_WARN_UNUSED_VARIABLE = YES;
				IPHONEOS_DEPLOYMENT_TARGET = 16.2;
				MTL_ENABLE_DEBUG_INFO = NO;
				MTL_FAST_MATH = YES;
				SDKROOT = iphoneos;
				SWIFT_COMPILATION_MODE = wholemodule;
				SWIFT_OPTIMIZATION_LEVEL = "-O";
				VALIDATE_PRODUCT = YES;
			};
			name = Release;
		};
		AEBEDD002A5D5C690094C68F /* Debug */ = {
			isa = XCBuildConfiguration;
			buildSettings = {
				ASSETCATALOG_COMPILER_APPICON_NAME = AppIcon;
				ASSETCATALOG_COMPILER_GLOBAL_ACCENT_COLOR_NAME = AccentColor;
				CODE_SIGN_STYLE = Automatic;
				CURRENT_PROJECT_VERSION = 1;
				DEVELOPMENT_TEAM = 86A854TG2V;
				GENERATE_INFOPLIST_FILE = YES;
				INFOPLIST_FILE = HelloMultiStoryboard/Info.plist;
				INFOPLIST_KEY_UIApplicationSupportsIndirectInputEvents = YES;
				INFOPLIST_KEY_UILaunchStoryboardName = LaunchScreen;
				INFOPLIST_KEY_UIMainStoryboardFile = Main;
				INFOPLIST_KEY_UISupportedInterfaceOrientations_iPad = "UIInterfaceOrientationPortrait UIInterfaceOrientationPortraitUpsideDown UIInterfaceOrientationLandscapeLeft UIInterfaceOrientationLandscapeRight";
				INFOPLIST_KEY_UISupportedInterfaceOrientations_iPhone = "UIInterfaceOrientationPortrait UIInterfaceOrientationLandscapeLeft UIInterfaceOrientationLandscapeRight";
				LD_RUNPATH_SEARCH_PATHS = (
					"$(inherited)",
					"@executable_path/Frameworks",
				);
				MARKETING_VERSION = 1.0;
				PRODUCT_BUNDLE_IDENTIFIER = com.purplvampire.HelloMultiStoryboard;
				PRODUCT_NAME = "$(TARGET_NAME)";
				SWIFT_EMIT_LOC_STRINGS = YES;
				SWIFT_VERSION = 5.0;
				TARGETED_DEVICE_FAMILY = "1,2";
			};
			name = Debug;
		};
		AEBEDD012A5D5C690094C68F /* Release */ = {
			isa = XCBuildConfiguration;
			buildSettings = {
				ASSETCATALOG_COMPILER_APPICON_NAME = AppIcon;
				ASSETCATALOG_COMPILER_GLOBAL_ACCENT_COLOR_NAME = AccentColor;
				CODE_SIGN_STYLE = Automatic;
				CURRENT_PROJECT_VERSION = 1;
				DEVELOPMENT_TEAM = 86A854TG2V;
				GENERATE_INFOPLIST_FILE = YES;
				INFOPLIST_FILE = HelloMultiStoryboard/Info.plist;
				INFOPLIST_KEY_UIApplicationSupportsIndirectInputEvents = YES;
				INFOPLIST_KEY_UILaunchStoryboardName = LaunchScreen;
				INFOPLIST_KEY_UIMainStoryboardFile = Main;
				INFOPLIST_KEY_UISupportedInterfaceOrientations_iPad = "UIInterfaceOrientationPortrait UIInterfaceOrientationPortraitUpsideDown UIInterfaceOrientationLandscapeLeft UIInterfaceOrientationLandscapeRight";
				INFOPLIST_KEY_UISupportedInterfaceOrientations_iPhone = "UIInterfaceOrientationPortrait UIInterfaceOrientationLandscapeLeft UIInterfaceOrientationLandscapeRight";
				LD_RUNPATH_SEARCH_PATHS = (
					"$(inherited)",
					"@executable_path/Frameworks",
				);
				MARKETING_VERSION = 1.0;
				PRODUCT_BUNDLE_IDENTIFIER = com.purplvampire.HelloMultiStoryboard;
				PRODUCT_NAME = "$(TARGET_NAME)";
				SWIFT_EMIT_LOC_STRINGS = YES;
				SWIFT_VERSION = 5.0;
				TARGETED_DEVICE_FAMILY = "1,2";
			};
			name = Release;
		};
/* End XCBuildConfiguration section */

/* Begin XCConfigurationList section */
		AEBEDCE62A5D5C680094C68F /* Build configuration list for PBXProject "HelloMultiStoryboard" */ = {
			isa = XCConfigurationList;
			buildConfigurations = (
				AEBEDCFD2A5D5C690094C68F /* Debug */,
				AEBEDCFE2A5D5C690094C68F /* Release */,
			);
			defaultConfigurationIsVisible = 0;
			defaultConfigurationName = Release;
		};
		AEBEDCFF2A5D5C690094C68F /* Build configuration list for PBXNativeTarget "HelloMultiStoryboard" */ = {
			isa = XCConfigurationList;
			buildConfigurations = (
				AEBEDD002A5D5C690094C68F /* Debug */,
				AEBEDD012A5D5C690094C68F /* Release */,
			);
			defaultConfigurationIsVisible = 0;
			defaultConfigurationName = Release;
		};
/* End XCConfigurationList section */
	};
	rootObject = AEBEDCE32A5D5C680094C68F /* Project object */;
}
